
Microsoft Visual Studio Solution File, Format Version 12.00
# Visual Studio Version 16
VisualStudioVersion = 16.0.31624.102
MinimumVisualStudioVersion = 10.0.40219.1
Project("{9A19103F-16F7-4668-BE54-9A1E7A4F7556}") = "MeDo.Server", "MeDo\Server\MeDo.Server.csproj", "{BC04CA01-C54D-474B-8C42-465C7D57779D}"
EndProject
Project("{9A19103F-16F7-4668-BE54-9A1E7A4F7556}") = "MeDo.Client", "MeDo\Client\MeDo.Client.csproj", "{A72D1519-7947-43A0-B87C-260702904FB7}"
EndProject
Project("{9A19103F-16F7-4668-BE54-9A1E7A4F7556}") = "MeDo.Shared", "MeDo\Shared\MeDo.Shared.csproj", "{EFA2FB80-6EBD-4288-8366-7AE57215927F}"
EndProject
Global
	GlobalSection(SolutionConfigurationPlatforms) = preSolution
		Debug|Any CPU = Debug|Any CPU
		Release|Any CPU = Release|Any CPU
	EndGlobalSection
	GlobalSection(ProjectConfigurationPlatforms) = postSolution
		{BC04CA01-C54D-474B-8C42-465C7D57779D}.Debug|Any CPU.ActiveCfg = Debug|Any CPU
		{BC04CA01-C54D-474B-8C42-465C7D57779D}.Debug|Any CPU.Build.0 = Debug|Any CPU
		{BC04CA01-C54D-474B-8C42-465C7D57779D}.Release|Any CPU.ActiveCfg = Release|Any CPU
		{BC04CA01-C54D-474B-8C42-465C7D57779D}.Release|Any CPU.Build.0 = Release|Any CPU
		{A72D1519-7947-43A0-B87C-260702904FB7}.Debug|Any CPU.ActiveCfg = Debug|Any CPU
		{A72D1519-7947-43A0-B87C-260702904FB7}.Debug|Any CPU.Build.0 = Debug|Any CPU
		{A72D1519-7947-43A0-B87C-260702904FB7}.Release|Any CPU.ActiveCfg = Release|Any CPU
		{A72D1519-7947-43A0-B87C-260702904FB7}.Release|Any CPU.Build.0 = Release|Any CPU
		{EFA2FB80-6EBD-4288-8366-7AE57215927F}.Debug|Any CPU.ActiveCfg = Debug|Any CPU
		{EFA2FB80-6EBD-4288-8366-7AE57215927F}.Debug|Any CPU.Build.0 = Debug|Any CPU
		{EFA2FB80-6EBD-4288-8366-7AE57215927F}.Release|Any CPU.ActiveCfg = Release|Any CPU
		{EFA2FB80-6EBD-4288-8366-7AE57215927F}.Release|Any CPU.Build.0 = Release|Any CPU
	EndGlobalSection
	GlobalSection(SolutionProperties) = preSolution
		HideSolutionNode = FALSE
	EndGlobalSection
	GlobalSection(ExtensibilityGlobals) = postSolution
		SolutionGuid = {94AF1411-04B0-4C26-8347-5274B41AB5F6}
	EndGlobalSection
EndGlobal
